<?xml version="1.0" encoding="utf-8"?>
<Project ToolsVersion="4.0" xmlns="http://schemas.microsoft.com/developer/msbuild/2003">
  <ItemGroup>
    <Filter Include="Character">
      <UniqueIdentifier>{c78fa3d2-41d1-480e-99f3-b46cb9be09b9}</UniqueIdentifier>
    </Filter>
    <Filter Include="CharacterController">
      <UniqueIdentifier>{f5712397-b648-478a-a5a1-2899787bfd79}</UniqueIdentifier>
    </Filter>
    <Filter Include="CharacterShot">
      <UniqueIdentifier>{c4c17084-8fac-4d38-b3dc-d8d247f310a1}</UniqueIdentifier>
    </Filter>
    <Filter Include="Stage">
      <UniqueIdentifier>{510559c6-fd55-417e-9c4a-46befe074c3b}</UniqueIdentifier>
    </Filter>
    <Filter Include="Collision">
      <UniqueIdentifier>{e5751699-525d-4969-97f7-b1e016dad0b8}</UniqueIdentifier>
    </Filter>
    <Filter Include="Others">
      <UniqueIdentifier>{a0551b60-e4cd-4547-9db0-309612a3f743}</UniqueIdentifier>
    </Filter>
    <Filter Include="ResourceManager">
      <UniqueIdentifier>{d6636593-cc23-4363-ba7c-486d4970d717}</UniqueIdentifier>
    </Filter>
    <Filter Include="Raycast">
      <UniqueIdentifier>{20435394-764b-47e6-b375-1e29c3d4b21c}</UniqueIdentifier>
    </Filter>
    <Filter Include="Scene">
      <UniqueIdentifier>{7f3b4e07-a8c4-4788-b084-52aa246e9cb3}</UniqueIdentifier>
    </Filter>
    <Filter Include="Camera">
      <UniqueIdentifier>{6ae839e5-196e-4bc7-ab8f-150d20f56b1f}</UniqueIdentifier>
    </Filter>
    <Filter Include="BaseObject">
      <UniqueIdentifier>{ac299ebd-c9bb-4413-9233-7cb3881bf5b7}</UniqueIdentifier>
    </Filter>
  </ItemGroup>
  <ItemGroup>
    <ClCompile Include="Data\SourceFiles\BaseObject\ModelObject.cpp">
      <Filter>BaseObject</Filter>
    </ClCompile>
    <ClCompile Include="Data\SourceFiles\BaseObject\SoundObject.cpp">
      <Filter>BaseObject</Filter>
    </ClCompile>
    <ClCompile Include="Data\SourceFiles\BaseObject\Transform.cpp">
      <Filter>BaseObject</Filter>
    </ClCompile>
    <ClCompile Include="Data\SourceFiles\Camera\CameraBase.cpp">
      <Filter>Camera</Filter>
    </ClCompile>
    <ClCompile Include="Data\SourceFiles\Camera\PlayerCamera.cpp">
      <Filter>Camera</Filter>
    </ClCompile>
    <ClCompile Include="Data\SourceFiles\Character\CharacterBase.cpp">
      <Filter>Character</Filter>
    </ClCompile>
    <ClCompile Include="Data\SourceFiles\Character\CharacterEffectFunctions.cpp">
      <Filter>Character</Filter>
    </ClCompile>
    <ClCompile Include="Data\SourceFiles\Character\CharacterEnemy.cpp">
      <Filter>Character</Filter>
    </ClCompile>
    <ClCompile Include="Data\SourceFiles\Character\CharacterManager.cpp">
      <Filter>Character</Filter>
    </ClCompile>
    <ClCompile Include="Data\SourceFiles\Character\CharacterPlayer.cpp">
      <Filter>Character</Filter>
    </ClCompile>
    <ClCompile Include="Data\SourceFiles\CharacterController\ControllerBase.cpp">
      <Filter>CharacterController</Filter>
    </ClCompile>
    <ClCompile Include="Data\SourceFiles\CharacterController\ControllerEnemy.cpp">
      <Filter>CharacterController</Filter>
    </ClCompile>
    <ClCompile Include="Data\SourceFiles\CharacterController\ControllerPlayer.cpp">
      <Filter>CharacterController</Filter>
    </ClCompile>
    <ClCompile Include="Data\SourceFiles\CharacterController\EnemyAiFunctions.cpp">
      <Filter>CharacterController</Filter>
    </ClCompile>
    <ClCompile Include="Data\SourceFiles\CharacterShot\CharacterShot.cpp">
      <Filter>CharacterShot</Filter>
    </ClCompile>
    <ClCompile Include="Data\SourceFiles\CharacterShot\ShotManager.cpp">
      <Filter>CharacterShot</Filter>
    </ClCompile>
    <ClCompile Include="Data\SourceFiles\Collision\BoxCollider.cpp">
      <Filter>Collision</Filter>
    </ClCompile>
    <ClCompile Include="Data\SourceFiles\Collision\CircularSectorCollider.cpp">
      <Filter>Collision</Filter>
    </ClCompile>
    <ClCompile Include="Data\SourceFiles\Collision\CollisionCheckFunction.cpp">
      <Filter>Collision</Filter>
    </ClCompile>
    <ClCompile Include="Data\SourceFiles\Collision\CollisionManager.cpp">
      <Filter>Collision</Filter>
    </ClCompile>
    <ClCompile Include="Data\SourceFiles\Collision\SphereCollider.cpp">
      <Filter>Collision</Filter>
    </ClCompile>
    <ClCompile Include="Data\SourceFiles\Others\AsyncLoadData.cpp">
      <Filter>Others</Filter>
    </ClCompile>
    <ClCompile Include="Data\SourceFiles\Others\DebugWindow.cpp">
      <Filter>Others</Filter>
    </ClCompile>
    <ClCompile Include="Data\SourceFiles\Others\ErrorMessage.cpp">
      <Filter>Others</Filter>
    </ClCompile>
    <ClCompile Include="Data\SourceFiles\Others\HelperFunction.cpp">
      <Filter>Others</Filter>
    </ClCompile>
    <ClCompile Include="Data\SourceFiles\Others\Input.cpp">
      <Filter>Others</Filter>
    </ClCompile>
    <ClCompile Include="Data\SourceFiles\Others\main.cpp">
      <Filter>Others</Filter>
    </ClCompile>
    <ClCompile Include="Data\SourceFiles\Others\Math3D.cpp">
      <Filter>Others</Filter>
    </ClCompile>
    <ClCompile Include="Data\SourceFiles\Raycast\Raycast.cpp">
      <Filter>Raycast</Filter>
    </ClCompile>
    <ClCompile Include="Data\SourceFiles\Raycast\RaycastManager.cpp">
      <Filter>Raycast</Filter>
    </ClCompile>
    <ClCompile Include="Data\SourceFiles\ResourcesManager\ResourceEffectManager.cpp">
      <Filter>ResourceManager</Filter>
    </ClCompile>
    <ClCompile Include="Data\SourceFiles\ResourcesManager\ResourceModelManager.cpp">
      <Filter>ResourceManager</Filter>
    </ClCompile>
    <ClCompile Include="Data\SourceFiles\ResourcesManager\ResourceSoundManager.cpp">
      <Filter>ResourceManager</Filter>
    </ClCompile>
    <ClCompile Include="Data\SourceFiles\ResourcesManager\ResourceSpriteManager.cpp">
      <Filter>ResourceManager</Filter>
    </ClCompile>
    <ClCompile Include="Data\SourceFiles\Scene\SceneBase.cpp">
      <Filter>Scene</Filter>
    </ClCompile>
    <ClCompile Include="Data\SourceFiles\Scene\SceneLoading.cpp">
      <Filter>Scene</Filter>
    </ClCompile>
    <ClCompile Include="Data\SourceFiles\Scene\SceneMain.cpp">
      <Filter>Scene</Filter>
    </ClCompile>
    <ClCompile Include="Data\SourceFiles\Scene\SceneManager.cpp">
      <Filter>Scene</Filter>
    </ClCompile>
    <ClCompile Include="Data\SourceFiles\Scene\SceneResult.cpp">
      <Filter>Scene</Filter>
    </ClCompile>
    <ClCompile Include="Data\SourceFiles\Scene\SceneTitle.cpp">
      <Filter>Scene</Filter>
    </ClCompile>
    <ClCompile Include="Data\SourceFiles\Stage\StageManager.cpp">
      <Filter>Stage</Filter>
    </ClCompile>
    <ClCompile Include="Data\SourceFiles\Stage\TerrainBase.cpp">
      <Filter>Stage</Filter>
    </ClCompile>
    <ClCompile Include="Data\SourceFiles\Stage\TerrainGround.cpp">
      <Filter>Stage</Filter>
    </ClCompile>
    <ClCompile Include="Data\SourceFiles\Stage\TerrainWall.cpp">
      <Filter>Stage</Filter>
    </ClCompile>
    <ClCompile Include="Data\SourceFiles\BaseObject\GameObject.cpp">
      <Filter>BaseObject</Filter>
    </ClCompile>
    <ClCompile Include="Data\SourceFiles\BaseObject\IdGenerator.cpp">
      <Filter>BaseObject</Filter>
    </ClCompile>
  </ItemGroup>
  <ItemGroup>
    <ClInclude Include="Data\SourceFiles\BaseObject\ModelObject.h">
      <Filter>BaseObject</Filter>
    </ClInclude>
    <ClInclude Include="Data\SourceFiles\BaseObject\SoundObject.h">
      <Filter>BaseObject</Filter>
    </ClInclude>
    <ClInclude Include="Data\SourceFiles\BaseObject\Transform.h">
      <Filter>BaseObject</Filter>
    </ClInclude>
    <ClInclude Include="Data\SourceFiles\Camera\CameraBase.h">
      <Filter>Camera</Filter>
    </ClInclude>
    <ClInclude Include="Data\SourceFiles\Camera\PlayerCamera.h">
      <Filter>Camera</Filter>
    </ClInclude>
    <ClInclude Include="Data\SourceFiles\Character\CharacterBase.h">
      <Filter>Character</Filter>
    </ClInclude>
    <ClInclude Include="Data\SourceFiles\Character\CharacterEnemy.h">
      <Filter>Character</Filter>
    </ClInclude>
    <ClInclude Include="Data\SourceFiles\Character\CharacterManager.h">
      <Filter>Character</Filter>
    </ClInclude>
    <ClInclude Include="Data\SourceFiles\Character\CharacterPlayer.h">
      <Filter>Character</Filter>
    </ClInclude>
    <ClInclude Include="Data\SourceFiles\CharacterController\ControllerBase.h">
      <Filter>CharacterController</Filter>
    </ClInclude>
    <ClInclude Include="Data\SourceFiles\CharacterController\ControllerEnemy.h">
      <Filter>CharacterController</Filter>
    </ClInclude>
    <ClInclude Include="Data\SourceFiles\CharacterController\ControllerPlayer.h">
      <Filter>CharacterController</Filter>
    </ClInclude>
    <ClInclude Include="Data\SourceFiles\CharacterShot\CharacterShot.h">
      <Filter>CharacterShot</Filter>
    </ClInclude>
    <ClInclude Include="Data\SourceFiles\CharacterShot\ShotManager.h">
      <Filter>CharacterShot</Filter>
    </ClInclude>
    <ClInclude Include="Data\SourceFiles\Collision\BoxCollider.h">
      <Filter>Collision</Filter>
    </ClInclude>
    <ClInclude Include="Data\SourceFiles\Collision\CircularSectorCollider.h">
      <Filter>Collision</Filter>
    </ClInclude>
    <ClInclude Include="Data\SourceFiles\Collision\CollisionCheckFunction.h">
      <Filter>Collision</Filter>
    </ClInclude>
    <ClInclude Include="Data\SourceFiles\Collision\CollisionManager.h">
      <Filter>Collision</Filter>
    </ClInclude>
    <ClInclude Include="Data\SourceFiles\Collision\SphereCollider.h">
      <Filter>Collision</Filter>
    </ClInclude>
    <ClInclude Include="Data\SourceFiles\Others\AsyncLoadData.h">
      <Filter>Others</Filter>
    </ClInclude>
    <ClInclude Include="Data\SourceFiles\Others\DebugWindow.h">
      <Filter>Others</Filter>
    </ClInclude>
    <ClInclude Include="Data\SourceFiles\Others\Define.h">
      <Filter>Others</Filter>
    </ClInclude>
    <ClInclude Include="Data\SourceFiles\Others\ErrorMessage.h">
      <Filter>Others</Filter>
    </ClInclude>
    <ClInclude Include="Data\SourceFiles\Others\HelperFunction.h">
      <Filter>Others</Filter>
    </ClInclude>
    <ClInclude Include="Data\SourceFiles\Others\Input.h">
      <Filter>Others</Filter>
    </ClInclude>
    <ClInclude Include="Data\SourceFiles\Others\Math3D.h">
      <Filter>Others</Filter>
    </ClInclude>
    <ClInclude Include="Data\SourceFiles\Others\Singleton.h">
      <Filter>Others</Filter>
    </ClInclude>
    <ClInclude Include="Data\SourceFiles\Raycast\Raycast.h">
      <Filter>Raycast</Filter>
    </ClInclude>
    <ClInclude Include="Data\SourceFiles\Raycast\RaycastManager.h">
      <Filter>Raycast</Filter>
    </ClInclude>
    <ClInclude Include="Data\SourceFiles\ResourcesManager\OtherResources.h">
      <Filter>ResourceManager</Filter>
    </ClInclude>
    <ClInclude Include="Data\SourceFiles\ResourcesManager\ResourceEffectManager.h">
      <Filter>ResourceManager</Filter>
    </ClInclude>
    <ClInclude Include="Data\SourceFiles\ResourcesManager\ResourceModelManager.h">
      <Filter>ResourceManager</Filter>
    </ClInclude>
    <ClInclude Include="Data\SourceFiles\ResourcesManager\ResourceSoundManager.h">
      <Filter>ResourceManager</Filter>
    </ClInclude>
    <ClInclude Include="Data\SourceFiles\ResourcesManager\ResourceSpriteManager.h">
      <Filter>ResourceManager</Filter>
    </ClInclude>
    <ClInclude Include="Data\SourceFiles\Scene\SceneBase.h">
      <Filter>Scene</Filter>
    </ClInclude>
    <ClInclude Include="Data\SourceFiles\Scene\SceneLoading.h">
      <Filter>Scene</Filter>
    </ClInclude>
    <ClInclude Include="Data\SourceFiles\Scene\SceneMain.h">
      <Filter>Scene</Filter>
    </ClInclude>
    <ClInclude Include="Data\SourceFiles\Scene\SceneManager.h">
      <Filter>Scene</Filter>
    </ClInclude>
    <ClInclude Include="Data\SourceFiles\Scene\SceneResult.h">
      <Filter>Scene</Filter>
    </ClInclude>
    <ClInclude Include="Data\SourceFiles\Scene\SceneTitle.h">
      <Filter>Scene</Filter>
    </ClInclude>
    <ClInclude Include="Data\SourceFiles\Stage\StageManager.h">
      <Filter>Stage</Filter>
    </ClInclude>
    <ClInclude Include="Data\SourceFiles\Stage\TerrainBase.h">
      <Filter>Stage</Filter>
    </ClInclude>
    <ClInclude Include="Data\SourceFiles\Stage\TerrainGround.h">
      <Filter>Stage</Filter>
    </ClInclude>
    <ClInclude Include="Data\SourceFiles\Stage\TerrainWall.h">
      <Filter>Stage</Filter>
    </ClInclude>
    <ClInclude Include="Data\SourceFiles\BaseObject\GameObject.h">
      <Filter>BaseObject</Filter>
    </ClInclude>
    <ClInclude Include="Data\SourceFiles\Others\ObjectType.h">
      <Filter>Others</Filter>
    </ClInclude>
    <ClInclude Include="Data\SourceFiles\BaseObject\IdGenerator.h">
      <Filter>BaseObject</Filter>
    </ClInclude>
  </ItemGroup>
</Project>